// !$*UTF8*$!
{
	archiveVersion = 1;
	classes = {
	};
	objectVersion = 46;
	objects = {

/* Begin PBXBuildFile section */
		3F78F9FF1DCC49830043CC1F /* main.m in Sources */ = {isa = PBXBuildFile; fileRef = 3F78F9FE1DCC49830043CC1F /* main.m */; };
		3F78FA021DCC49830043CC1F /* AppDelegate.m in Sources */ = {isa = PBXBuildFile; fileRef = 3F78FA011DCC49830043CC1F /* AppDelegate.m */; };
		3F78FA051DCC49830043CC1F /* ViewController.m in Sources */ = {isa = PBXBuildFile; fileRef = 3F78FA041DCC49830043CC1F /* ViewController.m */; };
		3F78FA081DCC49830043CC1F /* Main.storyboard in Resources */ = {isa = PBXBuildFile; fileRef = 3F78FA061DCC49830043CC1F /* Main.storyboard */; };
		3F78FA0A1DCC49830043CC1F /* Images.xcassets in Resources */ = {isa = PBXBuildFile; fileRef = 3F78FA091DCC49830043CC1F /* Images.xcassets */; };
		3F78FA0D1DCC49830043CC1F /* LaunchScreen.xib in Resources */ = {isa = PBXBuildFile; fileRef = 3F78FA0B1DCC49830043CC1F /* LaunchScreen.xib */; };
		3F78FA191DCC49830043CC1F /* xmlparsingTests.m in Sources */ = {isa = PBXBuildFile; fileRef = 3F78FA181DCC49830043CC1F /* xmlparsingTests.m */; };
/* End PBXBuildFile section */

/* Begin PBXContainerItemProxy section */
		3F78FA131DCC49830043CC1F /* PBXContainerItemProxy */ = {
			isa = PBXContainerItemProxy;
			containerPortal = 3F78F9F11DCC49830043CC1F /* Project object */;
			proxyType = 1;
			remoteGlobalIDString = 3F78F9F81DCC49830043CC1F;
			remoteInfo = xmlparsing;
		};
/* End PBXContainerItemProxy section */

/* Begin PBXFileReference section */
		3F78F9F91DCC49830043CC1F /* xmlparsing.app */ = {isa = PBXFileReference; explicitFileType = wrapper.application; includeInIndex = 0; path = xmlparsing.app; sourceTree = BUILT_PRODUCTS_DIR; };
		3F78F9FD1DCC49830043CC1F /* Info.plist */ = {isa = PBXFileReference; lastKnownFileType = text.plist.xml; path = Info.plist; sourceTree = "<group>"; };
		3F78F9FE1DCC49830043CC1F /* main.m */ = {isa = PBXFileReference; lastKnownFileType = sourcecode.c.objc; path = main.m; sourceTree = "<group>"; };
		3F78FA001DCC49830043CC1F /* AppDelegate.h */ = {isa = PBXFileReference; lastKnownFileType = sourcecode.c.h; path = AppDelegate.h; sourceTree = "<group>"; };
		3F78FA011DCC49830043CC1F /* AppDelegate.m */ = {isa = PBXFileReference; lastKnownFileType = sourcecode.c.objc; path = AppDelegate.m; sourceTree = "<group>"; };
		3F78FA031DCC49830043CC1F /* ViewController.h */ = {isa = PBXFileReference; lastKnownFileType = sourcecode.c.h; path = ViewController.h; sourceTree = "<group>"; };
		3F78FA041DCC49830043CC1F /* ViewController.m */ = {isa = PBXFileReference; lastKnownFileType = sourcecode.c.objc; path = ViewController.m; sourceTree = "<group>"; };
		3F78FA071DCC49830043CC1F /* Base */ = {isa = PBXFileReference; lastKnownFileType = file.storyboard; name = Base; path = Base.lproj/Main.storyboard; sourceTree = "<group>"; };
		3F78FA091DCC49830043CC1F /* Images.xcassets */ = {isa = PBXFileReference; lastKnownFileType = folder.assetcatalog; path = Images.xcassets; sourceTree = "<group>"; };
		3F78FA0C1DCC49830043CC1F /* Base */ = {isa = PBXFileReference; lastKnownFileType = file.xib; name = Base; path = Base.lproj/LaunchScreen.xib; sourceTree = "<group>"; };
		3F78FA121DCC49830043CC1F /* xmlparsingTests.xctest */ = {isa = PBXFileReference; explicitFileType = wrapper.cfbundle; includeInIndex = 0; path = xmlparsingTests.xctest; sourceTree = BUILT_PRODUCTS_DIR; };
		3F78FA171DCC49830043CC1F /* Info.plist */ = {isa = PBXFileReference; lastKnownFileType = text.plist.xml; path = Info.plist; sourceTree = "<group>"; };
		3F78FA181DCC49830043CC1F /* xmlparsingTests.m */ = {isa = PBXFileReference; lastKnownFileType = sourcecode.c.objc; path = xmlparsingTests.m; sourceTree = "<group>"; };
/* End PBXFileReference section */

/* Begin PBXFrameworksBuildPhase section */
		3F78F9F61DCC49830043CC1F /* Frameworks */ = {
			isa = PBXFrameworksBuildPhase;
			buildActionMask = 2147483647;
			files = (
			);
			runOnlyForDeploymentPostprocessing = 0;
		};
		3F78FA0F1DCC49830043CC1F /* Frameworks */ = {
			isa = PBXFrameworksBuildPhase;
			buildActionMask = 2147483647;
			files = (
			);
			runOnlyForDeploymentPostprocessing = 0;
		};
/* End PBXFrameworksBuildPhase section */

/* Begin PBXGroup section */
		3F78F9F01DCC49830043CC1F = {
			isa = PBXGroup;
			children = (
				3F78F9FB1DCC49830043CC1F /* xmlparsing */,
				3F78FA151DCC49830043CC1F /* xmlparsingTests */,
				3F78F9FA1DCC49830043CC1F /* Products */,
			);
			sourceTree = "<group>";
		};
		3F78F9FA1DCC49830043CC1F /* Products */ = {
			isa = PBXGroup;
			children = (
				3F78F9F91DCC49830043CC1F /* xmlparsing.app */,
				3F78FA121DCC49830043CC1F /* xmlparsingTests.xctest */,
			);
			name = Products;
			sourceTree = "<group>";
		};
		3F78F9FB1DCC49830043CC1F /* xmlparsing */ = {
			isa = PBXGroup;
			children = (
				3F78FA001DCC49830043CC1F /* AppDelegate.h */,
				3F78FA011DCC49830043CC1F /* AppDelegate.m */,
				3F78FA031DCC49830043CC1F /* ViewController.h */,
				3F78FA041DCC49830043CC1F /* ViewController.m */,
				3F78FA061DCC49830043CC1F /* Main.storyboard */,
				3F78FA091DCC49830043CC1F /* Images.xcassets */,
				3F78FA0B1DCC49830043CC1F /* LaunchScreen.xib */,
				3F78F9FC1DCC49830043CC1F /* Supporting Files */,
			);
			path = xmlparsing;
			sourceTree = "<group>";
		};
		3F78F9FC1DCC49830043CC1F /* Supporting Files */ = {
			isa = PBXGroup;
			children = (
				3F78F9FD1DCC49830043CC1F /* Info.plist */,
				3F78F9FE1DCC49830043CC1F /* main.m */,
			);
			name = "Supporting Files";
			sourceTree = "<group>";
		};
		3F78FA151DCC49830043CC1F /* xmlparsingTests */ = {
			isa = PBXGroup;
			children = (
				3F78FA181DCC49830043CC1F /* xmlparsingTests.m */,
				3F78FA161DCC49830043CC1F /* Supporting Files */,
			);
			path = xmlparsingTests;
			sourceTree = "<group>";
		};
		3F78FA161DCC49830043CC1F /* Supporting Files */ = {
			isa = PBXGroup;
			children = (
				3F78FA171DCC49830043CC1F /* Info.plist */,
			);
			name = "Supporting Files";
			sourceTree = "<group>";
		};
/* End PBXGroup section */

/* Begin PBXNativeTarget section */
		3F78F9F81DCC49830043CC1F /* xmlparsing */ = {
			isa = PBXNativeTarget;
			buildConfigurationList = 3F78FA1C1DCC49830043CC1F /* Build configuration list for PBXNativeTarget "xmlparsing" */;
			buildPhases = (
				3F78F9F51DCC49830043CC1F /* Sources */,
				3F78F9F61DCC49830043CC1F /* Frameworks */,
				3F78F9F71DCC49830043CC1F /* Resources */,
			);
			buildRules = (
			);
			dependencies = (
			);
			name = xmlparsing;
			productName = xmlparsing;
			productReference = 3F78F9F91DCC49830043CC1F /* xmlparsing.app */;
			productType = "com.apple.product-type.application";
		};
		3F78FA111DCC49830043CC1F /* xmlparsingTests */ = {
			isa = PBXNativeTarget;
			buildConfigurationList = 3F78FA1F1DCC49830043CC1F /* Build configuration list for PBXNativeTarget "xmlparsingTests" */;
			buildPhases = (
				3F78FA0E1DCC49830043CC1F /* Sources */,
				3F78FA0F1DCC49830043CC1F /* Frameworks */,
				3F78FA101DCC49830043CC1F /* Resources */,
			);
			buildRules = (
			);
			dependencies = (
				3F78FA141DCC49830043CC1F /* PBXTargetDependency */,
			);
			name = xmlparsingTests;
			productName = xmlparsingTests;
			productReference = 3F78FA121DCC49830043CC1F /* xmlparsingTests.xctest */;
			productType = "com.apple.product-type.bundle.unit-test";
		};
/* End PBXNativeTarget section */

/* Begin PBXProject section */
		3F78F9F11DCC49830043CC1F /* Project object */ = {
			isa = PBXProject;
			attributes = {
				LastUpgradeCheck = 0640;
				ORGANIZATIONNAME = Abhijit;
				TargetAttributes = {
					3F78F9F81DCC49830043CC1F = {
						CreatedOnToolsVersion = 6.4;
					};
					3F78FA111DCC49830043CC1F = {
						CreatedOnToolsVersion = 6.4;
						TestTargetID = 3F78F9F81DCC49830043CC1F;
					};
				};
			};
			buildConfigurationList = 3F78F9F41DCC49830043CC1F /* Build configuration list for PBXProject "xmlparsing" */;
			compatibilityVersion = "Xcode 3.2";
			developmentRegion = English;
			hasScannedForEncodings = 0;
			knownRegions = (
				en,
				Base,
			);
			mainGroup = 3F78F9F01DCC49830043CC1F;
			productRefGroup = 3F78F9FA1DCC49830043CC1F /* Products */;
			projectDirPath = "";
			projectRoot = "";
			targets = (
				3F78F9F81DCC49830043CC1F /* xmlparsing */,
				3F78FA111DCC49830043CC1F /* xmlparsingTests */,
			);
		};
/* End PBXProject section */

/* Begin PBXResourcesBuildPhase section */
		3F78F9F71DCC49830043CC1F /* Resources */ = {
			isa = PBXResourcesBuildPhase;
			buildActionMask = 2147483647;
			files = (
				3F78FA081DCC49830043CC1F /* Main.storyboard in Resources */,
				3F78FA0D1DCC49830043CC1F /* LaunchScreen.xib in Resources */,
				3F78FA0A1DCC49830043CC1F /* Images.xcassets in Resources */,
			);
			runOnlyForDeploymentPostprocessing = 0;
		};
		3F78FA101DCC49830043CC1F /* Resources */ = {
			isa = PBXResourcesBuildPhase;
			buildActionMask = 2147483647;
			files = (
			);
			runOnlyForDeploymentPostprocessing = 0;
		};
/* End PBXResourcesBuildPhase section */

/* Begin PBXSourcesBuildPhase section */
		3F78F9F51DCC49830043CC1F /* Sources */ = {
			isa = PBXSourcesBuildPhase;
			buildActionMask = 2147483647;
			files = (
				3F78FA051DCC49830043CC1F /* ViewController.m in Sources */,
				3F78FA021DCC49830043CC1F /* AppDelegate.m in Sources */,
				3F78F9FF1DCC49830043CC1F /* main.m in Sources */,
			);
			runOnlyForDeploymentPostprocessing = 0;
		};
		3F78FA0E1DCC49830043CC1F /* Sources */ = {
			isa = PBXSourcesBuildPhase;
			buildActionMask = 2147483647;
			files = (
				3F78FA191DCC49830043CC1F /* xmlparsingTests.m in Sources */,
			);
			runOnlyForDeploymentPostprocessing = 0;
		};
/* End PBXSourcesBuildPhase section */

/* Begin PBXTargetDependency section */
		3F78FA141DCC49830043CC1F /* PBXTargetDependency */ = {
			isa = PBXTargetDependency;
			target = 3F78F9F81DCC49830043CC1F /* xmlparsing */;
			targetProxy = 3F78FA131DCC49830043CC1F /* PBXContainerItemProxy */;
		};
/* End PBXTargetDependency section */

/* Begin PBXVariantGroup section */
		3F78FA061DCC49830043CC1F /* Main.storyboard */ = {
			isa = PBXVariantGroup;
			children = (
				3F78FA071DCC49830043CC1F /* Base */,
			);
			name = Main.storyboard;
			sourceTree = "<group>";
		};
		3F78FA0B1DCC49830043CC1F /* LaunchScreen.xib */ = {
			isa = PBXVariantGroup;
			children = (
				3F78FA0C1DCC49830043CC1F /* Base */,
			);
			name = LaunchScreen.xib;
			sourceTree = "<group>";
		};
/* End PBXVariantGroup section */

/* Begin XCBuildConfiguration section */
		3F78FA1A1DCC49830043CC1F /* Debug */ = {
			isa = XCBuildConfiguration;
			buildSettings = {
				ALWAYS_SEARCH_USER_PATHS = NO;
				CLANG_CXX_LANGUAGE_STANDARD = "gnu++0x";
				CLANG_CXX_LIBRARY = "libc++";
				CLANG_ENABLE_MODULES = YES;
				CLANG_ENABLE_OBJC_ARC = YES;
				CLANG_WARN_BOOL_CONVERSION = YES;
				CLANG_WARN_CONSTANT_CONVERSION = YES;
				CLANG_WARN_DIRECT_OBJC_ISA_USAGE = YES_ERROR;
				CLANG_WARN_EMPTY_BODY = YES;
				CLANG_WARN_ENUM_CONVERSION = YES;
				CLANG_WARN_INT_CONVERSION = YES;
				CLANG_WARN_OBJC_ROOT_CLASS = YES_ERROR;
				CLANG_WARN_UNREACHABLE_CODE = YES;
				CLANG_WARN__DUPLICATE_METHOD_MATCH = YES;
				"CODE_SIGN_IDENTITY[sdk=iphoneos*]" = "iPhone Developer";
				COPY_PHASE_STRIP = NO;
				DEBUG_INFORMATION_FORMAT = "dwarf-with-dsym";
				ENABLE_STRICT_OBJC_MSGSEND = YES;
				GCC_C_LANGUAGE_STANDARD = gnu99;
				GCC_DYNAMIC_NO_PIC = NO;
				GCC_NO_COMMON_BLOCKS = YES;
				GCC_OPTIMIZATION_LEVEL = 0;
				GCC_PREPROCESSOR_DEFINITIONS = (
					"DEBUG=1",
					"$(inherited)",
				);
				GCC_SYMBOLS_PRIVATE_EXTERN = NO;
				GCC_WARN_64_TO_32_BIT_CONVERSION = YES;
				GCC_WARN_ABOUT_RETURN_TYPE = YES_ERROR;
				GCC_WARN_UNDECLARED_SELECTOR = YES;
				GCC_WARN_UNINITIALIZED_AUTOS = YES_AGGRESSIVE;
				GCC_WARN_UNUSED_FUNCTION = YES;
				GCC_WARN_UNUSED_VARIABLE = YES;
				IPHONEOS_DEPLOYMENT_TARGET = 8.4;
				MTL_ENABLE_DEBUG_INFO = YES;
				ONLY_ACTIVE_ARCH = YES;
				SDKROOT = iphoneos;
				TARGETED_DEVICE_FAMILY = "1,2";
			};
			name = Debug;
		};
		3F78FA1B1DCC49830043CC1F /* Release */ = {
			isa = XCBuildConfiguration;
			buildSettings = {
				ALWAYS_SEARCH_USER_PATHS = NO;
				CLANG_CXX_LANGUAGE_STANDARD = "gnu++0x";
				CLANG_CXX_LIBRARY = "libc++";
				CLANG_ENABLE_MODULES = YES;
				CLANG_ENABLE_OBJC_ARC = YES;
				CLANG_WARN_BOOL_CONVERSION = YES;
				CLANG_WARN_CONSTANT_CONVERSION = YES;
				CLANG_WARN_DIRECT_OBJC_ISA_USAGE = YES_ERROR;
				CLANG_WARN_EMPTY_BODY = YES;
				CLANG_WARN_ENUM_CONVERSION = YES;
				CLANG_WARN_INT_CONVERSION = YES;
				CLANG_WARN_OBJC_ROOT_CLASS = YES_ERROR;
				CLANG_WARN_UNREACHABLE_CODE = YES;
				CLANG_WARN__DUPLICATE_METHOD_MATCH = YES;
				"CODE_SIGN_IDENTITY[sdk=iphoneos*]" = "iPhone Developer";
				COPY_PHASE_STRIP = NO;
				DEBUG_INFORMATION_FORMAT = "dwarf-with-dsym";
				ENABLE_NS_ASSERTIONS = NO;
				ENABLE_STRICT_OBJC_MSGSEND = YES;
				GCC_C_LANGUAGE_STANDARD = gnu99;
				GCC_NO_COMMON_BLOCKS = YES;
				GCC_WARN_64_TO_32_BIT_CONVERSION = YES;
				GCC_WARN_ABOUT_RETURN_TYPE = YES_ERROR;
				GCC_WARN_UNDECLARED_SELECTOR = YES;
				GCC_WARN_UNINITIALIZED_AUTOS = YES_AGGRESSIVE;
				GCC_WARN_UNUSED_FUNCTION = YES;
				GCC_WARN_UNUSED_VARIABLE = YES;
				IPHONEOS_DEPLOYMENT_TARGET = 8.4;
				MTL_ENABLE_DEBUG_INFO = NO;
				SDKROOT = iphoneos;
				TARGETED_DEVICE_FAMILY = "1,2";
				VALIDATE_PRODUCT = YES;
			};
			name = Release;
		};
		3F78FA1D1DCC49830043CC1F /* Debug */ = {
			isa = XCBuildConfiguration;
			buildSettings = {
				ASSETCATALOG_COMPILER_APPICON_NAME = AppIcon;
				INFOPLIST_FILE = xmlparsing/Info.plist;
				LD_RUNPATH_SEARCH_PATHS = "$(inherited) @executable_path/Frameworks";
				PRODUCT_NAME = "$(TARGET_NAME)";
			};
			name = Debug;
		};
		3F78FA1E1DCC49830043CC1F /* Release */ = {
			isa = XCBuildConfiguration;
			buildSettings = {
				ASSETCATALOG_COMPILER_APPICON_NAME = AppIcon;
				INFOPLIST_FILE = xmlparsing/Info.plist;
				LD_RUNPATH_SEARCH_PATHS = "$(inherited) @executable_path/Frameworks";
				PRODUCT_NAME = "$(TARGET_NAME)";
			};
			name = Release;
		};
		3F78FA201DCC49830043CC1F /* Debug */ = {
			isa = XCBuildConfiguration;
			buildSettings = {
				BUNDLE_LOADER = "$(TEST_HOST)";
				FRAMEWORK_SEARCH_PATHS = (
					"$(SDKROOT)/Developer/Library/Frameworks",
					"$(inherited)",
				);
				GCC_PREPROCESSOR_DEFINITIONS = (
					"DEBUG=1",
					"$(inherited)",
				);
				INFOPLIST_FILE = xmlparsingTests/Info.plist;
				LD_RUNPATH_SEARCH_PATHS = "$(inherited) @executable_path/Frameworks @loader_path/Frameworks";
				PRODUCT_NAME = "$(TARGET_NAME)";
				TEST_HOST = "$(BUILT_PRODUCTS_DIR)/xmlparsing.app/xmlparsing";
			};
			name = Debug;
		};
		3F78FA211DCC49830043CC1F /* Release */ = {
			isa = XCBuildConfiguration;
			buildSettings = {
				BUNDLE_LOADER = "$(TEST_HOST)";
				FRAMEWORK_SEARCH_PATHS = (
					"$(SDKROOT)/Developer/Library/Frameworks",
					"$(inherited)",
				);
				INFOPLIST_FILE = xmlparsingTests/Info.plist;
				LD_RUNPATH_SEARCH_PATHS = "$(inherited) @executable_path/Frameworks @loader_path/Frameworks";
				PRODUCT_NAME = "$(TARGET_NAME)";
				TEST_HOST = "$(BUILT_PRODUCTS_DIR)/xmlparsing.app/xmlparsing";
			};
			name = Release;
		};
/* End XCBuildConfiguration section */

/* Begin XCConfigurationList section */
		3F78F9F41DCC49830043CC1F /* Build configuration list for PBXProject "xmlparsing" */ = {
			isa = XCConfigurationList;
			buildConfigurations = (
				3F78FA1A1DCC49830043CC1F /* Debug */,
				3F78FA1B1DCC49830043CC1F /* Release */,
			);
			defaultConfigurationIsVisible = 0;
			defaultConfigurationName = Release;
		};
		3F78FA1C1DCC49830043CC1F /* Build configuration list for PBXNativeTarget "xmlparsing" */ = {
			isa = XCConfigurationList;
			buildConfigurations = (
				3F78FA1D1DCC49830043CC1F /* Debug */,
				3F78FA1E1DCC49830043CC1F /* Release */,
			);
			defaultConfigurationIsVisible = 0;
		};
		3F78FA1F1DCC49830043CC1F /* Build configuration list for PBXNativeTarget "xmlparsingTests" */ = {
			isa = XCConfigurationList;
			buildConfigurations = (
				3F78FA201DCC49830043CC1F /* Debug */,
				3F78FA211DCC49830043CC1F /* Release */,
			);
			defaultConfigurationIsVisible = 0;
		};
/* End XCConfigurationList section */
	};
	rootObject = 3F78F9F11DCC49830043CC1F /* Project object */;
}
